// !$*UTF8*$!
{
	archiveVersion = 1;
	classes = {
	};
	objectVersion = 46;
	objects = {

/* Begin PBXBuildFile section */
		6ECA2267198C3CA7002D0607 /* Foundation.framework in Frameworks */ = {isa = PBXBuildFile; fileRef = 6ECA2266198C3CA7002D0607 /* Foundation.framework */; };
		6ECA2269198C3CA7002D0607 /* CoreGraphics.framework in Frameworks */ = {isa = PBXBuildFile; fileRef = 6ECA2268198C3CA7002D0607 /* CoreGraphics.framework */; };
		6ECA226B198C3CA7002D0607 /* UIKit.framework in Frameworks */ = {isa = PBXBuildFile; fileRef = 6ECA226A198C3CA7002D0607 /* UIKit.framework */; };
		6ECA2271198C3CA8002D0607 /* InfoPlist.strings in Resources */ = {isa = PBXBuildFile; fileRef = 6ECA226F198C3CA8002D0607 /* InfoPlist.strings */; };
		6ECA2273198C3CA8002D0607 /* main.m in Sources */ = {isa = PBXBuildFile; fileRef = 6ECA2272198C3CA8002D0607 /* main.m */; };
		6ECA2277198C3CA8002D0607 /* RSSreaderAppDelegate.m in Sources */ = {isa = PBXBuildFile; fileRef = 6ECA2276198C3CA8002D0607 /* RSSreaderAppDelegate.m */; };
		6ECA227A198C3CA8002D0607 /* Main.storyboard in Resources */ = {isa = PBXBuildFile; fileRef = 6ECA2278198C3CA8002D0607 /* Main.storyboard */; };
		6ECA227D198C3CA8002D0607 /* RSSreaderMasterViewController.m in Sources */ = {isa = PBXBuildFile; fileRef = 6ECA227C198C3CA8002D0607 /* RSSreaderMasterViewController.m */; };
		6ECA2280198C3CA8002D0607 /* RSSreaderDetailViewController.m in Sources */ = {isa = PBXBuildFile; fileRef = 6ECA227F198C3CA8002D0607 /* RSSreaderDetailViewController.m */; };
		6ECA2282198C3CA8002D0607 /* Images.xcassets in Resources */ = {isa = PBXBuildFile; fileRef = 6ECA2281198C3CA8002D0607 /* Images.xcassets */; };
		6ECA2289198C3CA8002D0607 /* XCTest.framework in Frameworks */ = {isa = PBXBuildFile; fileRef = 6ECA2288198C3CA8002D0607 /* XCTest.framework */; };
		6ECA228A198C3CA8002D0607 /* Foundation.framework in Frameworks */ = {isa = PBXBuildFile; fileRef = 6ECA2266198C3CA7002D0607 /* Foundation.framework */; };
		6ECA228B198C3CA8002D0607 /* UIKit.framework in Frameworks */ = {isa = PBXBuildFile; fileRef = 6ECA226A198C3CA7002D0607 /* UIKit.framework */; };
		6ECA2293198C3CA8002D0607 /* InfoPlist.strings in Resources */ = {isa = PBXBuildFile; fileRef = 6ECA2291198C3CA8002D0607 /* InfoPlist.strings */; };
		6ECA2295198C3CA8002D0607 /* RSSreaderTests.m in Sources */ = {isa = PBXBuildFile; fileRef = 6ECA2294198C3CA8002D0607 /* RSSreaderTests.m */; };
/* End PBXBuildFile section */

/* Begin PBXContainerItemProxy section */
		6ECA228C198C3CA8002D0607 /* PBXContainerItemProxy */ = {
			isa = PBXContainerItemProxy;
			containerPortal = 6ECA225B198C3CA7002D0607 /* Project object */;
			proxyType = 1;
			remoteGlobalIDString = 6ECA2262198C3CA7002D0607;
			remoteInfo = RSSreader;
		};
/* End PBXContainerItemProxy section */

/* Begin PBXFileReference section */
		6ECA2263198C3CA7002D0607 /* RSSreader.app */ = {isa = PBXFileReference; explicitFileType = wrapper.application; includeInIndex = 0; path = RSSreader.app; sourceTree = BUILT_PRODUCTS_DIR; };
		6ECA2266198C3CA7002D0607 /* Foundation.framework */ = {isa = PBXFileReference; lastKnownFileType = wrapper.framework; name = Foundation.framework; path = System/Library/Frameworks/Foundation.framework; sourceTree = SDKROOT; };
		6ECA2268198C3CA7002D0607 /* CoreGraphics.framework */ = {isa = PBXFileReference; lastKnownFileType = wrapper.framework; name = CoreGraphics.framework; path = System/Library/Frameworks/CoreGraphics.framework; sourceTree = SDKROOT; };
		6ECA226A198C3CA7002D0607 /* UIKit.framework */ = {isa = PBXFileReference; lastKnownFileType = wrapper.framework; name = UIKit.framework; path = System/Library/Frameworks/UIKit.framework; sourceTree = SDKROOT; };
		6ECA226E198C3CA8002D0607 /* RSSreader-Info.plist */ = {isa = PBXFileReference; lastKnownFileType = text.plist.xml; path = "RSSreader-Info.plist"; sourceTree = "<group>"; };
		6ECA2270198C3CA8002D0607 /* en */ = {isa = PBXFileReference; lastKnownFileType = text.plist.strings; name = en; path = en.lproj/InfoPlist.strings; sourceTree = "<group>"; };
		6ECA2272198C3CA8002D0607 /* main.m */ = {isa = PBXFileReference; lastKnownFileType = sourcecode.c.objc; path = main.m; sourceTree = "<group>"; };
		6ECA2274198C3CA8002D0607 /* RSSreader-Prefix.pch */ = {isa = PBXFileReference; lastKnownFileType = sourcecode.c.h; path = "RSSreader-Prefix.pch"; sourceTree = "<group>"; };
		6ECA2275198C3CA8002D0607 /* RSSreaderAppDelegate.h */ = {isa = PBXFileReference; lastKnownFileType = sourcecode.c.h; path = RSSreaderAppDelegate.h; sourceTree = "<group>"; };
		6ECA2276198C3CA8002D0607 /* RSSreaderAppDelegate.m */ = {isa = PBXFileReference; lastKnownFileType = sourcecode.c.objc; path = RSSreaderAppDelegate.m; sourceTree = "<group>"; };
		6ECA2279198C3CA8002D0607 /* Base */ = {isa = PBXFileReference; lastKnownFileType = file.storyboard; name = Base; path = Base.lproj/Main.storyboard; sourceTree = "<group>"; };
		6ECA227B198C3CA8002D0607 /* RSSreaderMasterViewController.h */ = {isa = PBXFileReference; lastKnownFileType = sourcecode.c.h; path = RSSreaderMasterViewController.h; sourceTree = "<group>"; };
		6ECA227C198C3CA8002D0607 /* RSSreaderMasterViewController.m */ = {isa = PBXFileReference; lastKnownFileType = sourcecode.c.objc; path = RSSreaderMasterViewController.m; sourceTree = "<group>"; };
		6ECA227E198C3CA8002D0607 /* RSSreaderDetailViewController.h */ = {isa = PBXFileReference; lastKnownFileType = sourcecode.c.h; path = RSSreaderDetailViewController.h; sourceTree = "<group>"; };
		6ECA227F198C3CA8002D0607 /* RSSreaderDetailViewController.m */ = {isa = PBXFileReference; lastKnownFileType = sourcecode.c.objc; path = RSSreaderDetailViewController.m; sourceTree = "<group>"; };
		6ECA2281198C3CA8002D0607 /* Images.xcassets */ = {isa = PBXFileReference; lastKnownFileType = folder.assetcatalog; path = Images.xcassets; sourceTree = "<group>"; };
		6ECA2287198C3CA8002D0607 /* RSSreaderTests.xctest */ = {isa = PBXFileReference; explicitFileType = wrapper.cfbundle; includeInIndex = 0; path = RSSreaderTests.xctest; sourceTree = BUILT_PRODUCTS_DIR; };
		6ECA2288198C3CA8002D0607 /* XCTest.framework */ = {isa = PBXFileReference; lastKnownFileType = wrapper.framework; name = XCTest.framework; path = Library/Frameworks/XCTest.framework; sourceTree = DEVELOPER_DIR; };
		6ECA2290198C3CA8002D0607 /* RSSreaderTests-Info.plist */ = {isa = PBXFileReference; lastKnownFileType = text.plist.xml; path = "RSSreaderTests-Info.plist"; sourceTree = "<group>"; };
		6ECA2292198C3CA8002D0607 /* en */ = {isa = PBXFileReference; lastKnownFileType = text.plist.strings; name = en; path = en.lproj/InfoPlist.strings; sourceTree = "<group>"; };
		6ECA2294198C3CA8002D0607 /* RSSreaderTests.m */ = {isa = PBXFileReference; lastKnownFileType = sourcecode.c.objc; path = RSSreaderTests.m; sourceTree = "<group>"; };
/* End PBXFileReference section */

/* Begin PBXFrameworksBuildPhase section */
		6ECA2260198C3CA7002D0607 /* Frameworks */ = {
			isa = PBXFrameworksBuildPhase;
			buildActionMask = 2147483647;
			files = (
				6ECA2269198C3CA7002D0607 /* CoreGraphics.framework in Frameworks */,
				6ECA226B198C3CA7002D0607 /* UIKit.framework in Frameworks */,
				6ECA2267198C3CA7002D0607 /* Foundation.framework in Frameworks */,
			);
			runOnlyForDeploymentPostprocessing = 0;
		};
		6ECA2284198C3CA8002D0607 /* Frameworks */ = {
			isa = PBXFrameworksBuildPhase;
			buildActionMask = 2147483647;
			files = (
				6ECA2289198C3CA8002D0607 /* XCTest.framework in Frameworks */,
				6ECA228B198C3CA8002D0607 /* UIKit.framework in Frameworks */,
				6ECA228A198C3CA8002D0607 /* Foundation.framework in Frameworks */,
			);
			runOnlyForDeploymentPostprocessing = 0;
		};
/* End PBXFrameworksBuildPhase section */

/* Begin PBXGroup section */
		6ECA225A198C3CA7002D0607 = {
			isa = PBXGroup;
			children = (
				6ECA226C198C3CA7002D0607 /* RSSreader */,
				6ECA228E198C3CA8002D0607 /* RSSreaderTests */,
				6ECA2265198C3CA7002D0607 /* Frameworks */,
				6ECA2264198C3CA7002D0607 /* Products */,
			);
			sourceTree = "<group>";
		};
		6ECA2264198C3CA7002D0607 /* Products */ = {
			isa = PBXGroup;
			children = (
				6ECA2263198C3CA7002D0607 /* RSSreader.app */,
				6ECA2287198C3CA8002D0607 /* RSSreaderTests.xctest */,
			);
			name = Products;
			sourceTree = "<group>";
		};
		6ECA2265198C3CA7002D0607 /* Frameworks */ = {
			isa = PBXGroup;
			children = (
				6ECA2266198C3CA7002D0607 /* Foundation.framework */,
				6ECA2268198C3CA7002D0607 /* CoreGraphics.framework */,
				6ECA226A198C3CA7002D0607 /* UIKit.framework */,
				6ECA2288198C3CA8002D0607 /* XCTest.framework */,
			);
			name = Frameworks;
			sourceTree = "<group>";
		};
		6ECA226C198C3CA7002D0607 /* RSSreader */ = {
			isa = PBXGroup;
			children = (
				6ECA2278198C3CA8002D0607 /* Main.storyboard */,
				6ECA227B198C3CA8002D0607 /* RSSreaderMasterViewController.h */,
				6ECA227C198C3CA8002D0607 /* RSSreaderMasterViewController.m */,
				6ECA227E198C3CA8002D0607 /* RSSreaderDetailViewController.h */,
				6ECA227F198C3CA8002D0607 /* RSSreaderDetailViewController.m */,
				6ECA2281198C3CA8002D0607 /* Images.xcassets */,
				6ECA226D198C3CA7002D0607 /* Supporting Files */,
			);
			path = RSSreader;
			sourceTree = "<group>";
		};
		6ECA226D198C3CA7002D0607 /* Supporting Files */ = {
			isa = PBXGroup;
			children = (
				6ECA2275198C3CA8002D0607 /* RSSreaderAppDelegate.h */,
				6ECA2276198C3CA8002D0607 /* RSSreaderAppDelegate.m */,
				6ECA226E198C3CA8002D0607 /* RSSreader-Info.plist */,
				6ECA226F198C3CA8002D0607 /* InfoPlist.strings */,
				6ECA2272198C3CA8002D0607 /* main.m */,
				6ECA2274198C3CA8002D0607 /* RSSreader-Prefix.pch */,
			);
			name = "Supporting Files";
			sourceTree = "<group>";
		};
		6ECA228E198C3CA8002D0607 /* RSSreaderTests */ = {
			isa = PBXGroup;
			children = (
				6ECA2294198C3CA8002D0607 /* RSSreaderTests.m */,
				6ECA228F198C3CA8002D0607 /* Supporting Files */,
			);
			path = RSSreaderTests;
			sourceTree = "<group>";
		};
		6ECA228F198C3CA8002D0607 /* Supporting Files */ = {
			isa = PBXGroup;
			children = (
				6ECA2290198C3CA8002D0607 /* RSSreaderTests-Info.plist */,
				6ECA2291198C3CA8002D0607 /* InfoPlist.strings */,
			);
			name = "Supporting Files";
			sourceTree = "<group>";
		};
/* End PBXGroup section */

/* Begin PBXNativeTarget section */
		6ECA2262198C3CA7002D0607 /* RSSreader */ = {
			isa = PBXNativeTarget;
			buildConfigurationList = 6ECA2298198C3CA8002D0607 /* Build configuration list for PBXNativeTarget "RSSreader" */;
			buildPhases = (
				6ECA225F198C3CA7002D0607 /* Sources */,
				6ECA2260198C3CA7002D0607 /* Frameworks */,
				6ECA2261198C3CA7002D0607 /* Resources */,
			);
			buildRules = (
			);
			dependencies = (
			);
			name = RSSreader;
			productName = RSSreader;
			productReference = 6ECA2263198C3CA7002D0607 /* RSSreader.app */;
			productType = "com.apple.product-type.application";
		};
		6ECA2286198C3CA8002D0607 /* RSSreaderTests */ = {
			isa = PBXNativeTarget;
			buildConfigurationList = 6ECA229B198C3CA8002D0607 /* Build configuration list for PBXNativeTarget "RSSreaderTests" */;
			buildPhases = (
				6ECA2283198C3CA8002D0607 /* Sources */,
				6ECA2284198C3CA8002D0607 /* Frameworks */,
				6ECA2285198C3CA8002D0607 /* Resources */,
			);
			buildRules = (
			);
			dependencies = (
				6ECA228D198C3CA8002D0607 /* PBXTargetDependency */,
			);
			name = RSSreaderTests;
			productName = RSSreaderTests;
			productReference = 6ECA2287198C3CA8002D0607 /* RSSreaderTests.xctest */;
			productType = "com.apple.product-type.bundle.unit-test";
		};
/* End PBXNativeTarget section */

/* Begin PBXProject section */
		6ECA225B198C3CA7002D0607 /* Project object */ = {
			isa = PBXProject;
			attributes = {
				CLASSPREFIX = RSSreader;
				LastUpgradeCheck = 0510;
				ORGANIZATIONNAME = Jonyzfu;
				TargetAttributes = {
					6ECA2286198C3CA8002D0607 = {
						TestTargetID = 6ECA2262198C3CA7002D0607;
					};
				};
			};
			buildConfigurationList = 6ECA225E198C3CA7002D0607 /* Build configuration list for PBXProject "RSSreader" */;
			compatibilityVersion = "Xcode 3.2";
			developmentRegion = English;
			hasScannedForEncodings = 0;
			knownRegions = (
				en,
				Base,
			);
			mainGroup = 6ECA225A198C3CA7002D0607;
			productRefGroup = 6ECA2264198C3CA7002D0607 /* Products */;
			projectDirPath = "";
			projectRoot = "";
			targets = (
				6ECA2262198C3CA7002D0607 /* RSSreader */,
				6ECA2286198C3CA8002D0607 /* RSSreaderTests */,
			);
		};
/* End PBXProject section */

/* Begin PBXResourcesBuildPhase section */
		6ECA2261198C3CA7002D0607 /* Resources */ = {
			isa = PBXResourcesBuildPhase;
			buildActionMask = 2147483647;
			files = (
				6ECA2282198C3CA8002D0607 /* Images.xcassets in Resources */,
				6ECA2271198C3CA8002D0607 /* InfoPlist.strings in Resources */,
				6ECA227A198C3CA8002D0607 /* Main.storyboard in Resources */,
			);
			runOnlyForDeploymentPostprocessing = 0;
		};
		6ECA2285198C3CA8002D0607 /* Resources */ = {
			isa = PBXResourcesBuildPhase;
			buildActionMask = 2147483647;
			files = (
				6ECA2293198C3CA8002D0607 /* InfoPlist.strings in Resources */,
			);
			runOnlyForDeploymentPostprocessing = 0;
		};
/* End PBXResourcesBuildPhase section */

/* Begin PBXSourcesBuildPhase section */
		6ECA225F198C3CA7002D0607 /* Sources */ = {
			isa = PBXSourcesBuildPhase;
			buildActionMask = 2147483647;
			files = (
				6ECA227D198C3CA8002D0607 /* RSSreaderMasterViewController.m in Sources */,
				6ECA2277198C3CA8002D0607 /* RSSreaderAppDelegate.m in Sources */,
				6ECA2273198C3CA8002D0607 /* main.m in Sources */,
				6ECA2280198C3CA8002D0607 /* RSSreaderDetailViewController.m in Sources */,
			);
			runOnlyForDeploymentPostprocessing = 0;
		};
		6ECA2283198C3CA8002D0607 /* Sources */ = {
			isa = PBXSourcesBuildPhase;
			buildActionMask = 2147483647;
			files = (
				6ECA2295198C3CA8002D0607 /* RSSreaderTests.m in Sources */,
			);
			runOnlyForDeploymentPostprocessing = 0;
		};
/* End PBXSourcesBuildPhase section */

/* Begin PBXTargetDependency section */
		6ECA228D198C3CA8002D0607 /* PBXTargetDependency */ = {
			isa = PBXTargetDependency;
			target = 6ECA2262198C3CA7002D0607 /* RSSreader */;
			targetProxy = 6ECA228C198C3CA8002D0607 /* PBXContainerItemProxy */;
		};
/* End PBXTargetDependency section */

/* Begin PBXVariantGroup section */
		6ECA226F198C3CA8002D0607 /* InfoPlist.strings */ = {
			isa = PBXVariantGroup;
			children = (
				6ECA2270198C3CA8002D0607 /* en */,
			);
			name = InfoPlist.strings;
			sourceTree = "<group>";
		};
		6ECA2278198C3CA8002D0607 /* Main.storyboard */ = {
			isa = PBXVariantGroup;
			children = (
				6ECA2279198C3CA8002D0607 /* Base */,
			);
			name = Main.storyboard;
			sourceTree = "<group>";
		};
		6ECA2291198C3CA8002D0607 /* InfoPlist.strings */ = {
			isa = PBXVariantGroup;
			children = (
				6ECA2292198C3CA8002D0607 /* en */,
			);
			name = InfoPlist.strings;
			sourceTree = "<group>";
		};
/* End PBXVariantGroup section */

/* Begin XCBuildConfiguration section */
		6ECA2296198C3CA8002D0607 /* Debug */ = {
			isa = XCBuildConfiguration;
			buildSettings = {
				ALWAYS_SEARCH_USER_PATHS = NO;
				CLANG_CXX_LANGUAGE_STANDARD = "gnu++0x";
				CLANG_CXX_LIBRARY = "libc++";
				CLANG_ENABLE_MODULES = YES;
				CLANG_ENABLE_OBJC_ARC = YES;
				CLANG_WARN_BOOL_CONVERSION = YES;
				CLANG_WARN_CONSTANT_CONVERSION = YES;
				CLANG_WARN_DIRECT_OBJC_ISA_USAGE = YES_ERROR;
				CLANG_WARN_EMPTY_BODY = YES;
				CLANG_WARN_ENUM_CONVERSION = YES;
				CLANG_WARN_INT_CONVERSION = YES;
				CLANG_WARN_OBJC_ROOT_CLASS = YES_ERROR;
				CLANG_WARN__DUPLICATE_METHOD_MATCH = YES;
				"CODE_SIGN_IDENTITY[sdk=iphoneos*]" = "iPhone Developer";
				COPY_PHASE_STRIP = NO;
				GCC_C_LANGUAGE_STANDARD = gnu99;
				GCC_DYNAMIC_NO_PIC = NO;
				GCC_OPTIMIZATION_LEVEL = 0;
				GCC_PREPROCESSOR_DEFINITIONS = (
					"DEBUG=1",
					"$(inherited)",
				);
				GCC_SYMBOLS_PRIVATE_EXTERN = NO;
				GCC_WARN_64_TO_32_BIT_CONVERSION = YES;
				GCC_WARN_ABOUT_RETURN_TYPE = YES_ERROR;
				GCC_WARN_UNDECLARED_SELECTOR = YES;
				GCC_WARN_UNINITIALIZED_AUTOS = YES_AGGRESSIVE;
				GCC_WARN_UNUSED_FUNCTION = YES;
				GCC_WARN_UNUSED_VARIABLE = YES;
				IPHONEOS_DEPLOYMENT_TARGET = 7.1;
				ONLY_ACTIVE_ARCH = YES;
				SDKROOT = iphoneos;
			};
			name = Debug;
		};
		6ECA2297198C3CA8002D0607 /* Release */ = {
			isa = XCBuildConfiguration;
			buildSettings = {
				ALWAYS_SEARCH_USER_PATHS = NO;
				CLANG_CXX_LANGUAGE_STANDARD = "gnu++0x";
				CLANG_CXX_LIBRARY = "libc++";
				CLANG_ENABLE_MODULES = YES;
				CLANG_ENABLE_OBJC_ARC = YES;
				CLANG_WARN_BOOL_CONVERSION = YES;
				CLANG_WARN_CONSTANT_CONVERSION = YES;
				CLANG_WARN_DIRECT_OBJC_ISA_USAGE = YES_ERROR;
				CLANG_WARN_EMPTY_BODY = YES;
				CLANG_WARN_ENUM_CONVERSION = YES;
				CLANG_WARN_INT_CONVERSION = YES;
				CLANG_WARN_OBJC_ROOT_CLASS = YES_ERROR;
				CLANG_WARN__DUPLICATE_METHOD_MATCH = YES;
				"CODE_SIGN_IDENTITY[sdk=iphoneos*]" = "iPhone Developer";
				COPY_PHASE_STRIP = YES;
				ENABLE_NS_ASSERTIONS = NO;
				GCC_C_LANGUAGE_STANDARD = gnu99;
				GCC_WARN_64_TO_32_BIT_CONVERSION = YES;
				GCC_WARN_ABOUT_RETURN_TYPE = YES_ERROR;
				GCC_WARN_UNDECLARED_SELECTOR = YES;
				GCC_WARN_UNINITIALIZED_AUTOS = YES_AGGRESSIVE;
				GCC_WARN_UNUSED_FUNCTION = YES;
				GCC_WARN_UNUSED_VARIABLE = YES;
				IPHONEOS_DEPLOYMENT_TARGET = 7.1;
				SDKROOT = iphoneos;
				VALIDATE_PRODUCT = YES;
			};
			name = Release;
		};
		6ECA2299198C3CA8002D0607 /* Debug */ = {
			isa = XCBuildConfiguration;
			buildSettings = {
				ASSETCATALOG_COMPILER_APPICON_NAME = AppIcon;
				ASSETCATALOG_COMPILER_LAUNCHIMAGE_NAME = LaunchImage;
				GCC_PRECOMPILE_PREFIX_HEADER = YES;
				GCC_PREFIX_HEADER = "RSSreader/RSSreader-Prefix.pch";
				INFOPLIST_FILE = "RSSreader/RSSreader-Info.plist";
				PRODUCT_NAME = "$(TARGET_NAME)";
				WRAPPER_EXTENSION = app;
			};
			name = Debug;
		};
		6ECA229A198C3CA8002D0607 /* Release */ = {
			isa = XCBuildConfiguration;
			buildSettings = {
				ASSETCATALOG_COMPILER_APPICON_NAME = AppIcon;
				ASSETCATALOG_COMPILER_LAUNCHIMAGE_NAME = LaunchImage;
				GCC_PRECOMPILE_PREFIX_HEADER = YES;
				GCC_PREFIX_HEADER = "RSSreader/RSSreader-Prefix.pch";
				INFOPLIST_FILE = "RSSreader/RSSreader-Info.plist";
				PRODUCT_NAME = "$(TARGET_NAME)";
				WRAPPER_EXTENSION = app;
			};
			name = Release;
		};
		6ECA229C198C3CA8002D0607 /* Debug */ = {
			isa = XCBuildConfiguration;
			buildSettings = {
				BUNDLE_LOADER = "$(BUILT_PRODUCTS_DIR)/RSSreader.app/RSSreader";
				FRAMEWORK_SEARCH_PATHS = (
					"$(SDKROOT)/Developer/Library/Frameworks",
					"$(inherited)",
					"$(DEVELOPER_FRAMEWORKS_DIR)",
				);
				GCC_PRECOMPILE_PREFIX_HEADER = YES;
				GCC_PREFIX_HEADER = "RSSreader/RSSreader-Prefix.pch";
				GCC_PREPROCESSOR_DEFINITIONS = (
					"DEBUG=1",
					"$(inherited)",
				);
				INFOPLIST_FILE = "RSSreaderTests/RSSreaderTests-Info.plist";
				PRODUCT_NAME = "$(TARGET_NAME)";
				TEST_HOST = "$(BUNDLE_LOADER)";
				WRAPPER_EXTENSION = xctest;
			};
			name = Debug;
		};
		6ECA229D198C3CA8002D0607 /* Release */ = {
			isa = XCBuildConfiguration;
			buildSettings = {
				BUNDLE_LOADER = "$(BUILT_PRODUCTS_DIR)/RSSreader.app/RSSreader";
				FRAMEWORK_SEARCH_PATHS = (
					"$(SDKROOT)/Developer/Library/Frameworks",
					"$(inherited)",
					"$(DEVELOPER_FRAMEWORKS_DIR)",
				);
				GCC_PRECOMPILE_PREFIX_HEADER = YES;
				GCC_PREFIX_HEADER = "RSSreader/RSSreader-Prefix.pch";
				INFOPLIST_FILE = "RSSreaderTests/RSSreaderTests-Info.plist";
				PRODUCT_NAME = "$(TARGET_NAME)";
				TEST_HOST = "$(BUNDLE_LOADER)";
				WRAPPER_EXTENSION = xctest;
			};
			name = Release;
		};
/* End XCBuildConfiguration section */

/* Begin XCConfigurationList section */
		6ECA225E198C3CA7002D0607 /* Build configuration list for PBXProject "RSSreader" */ = {
			isa = XCConfigurationList;
			buildConfigurations = (
				6ECA2296198C3CA8002D0607 /* Debug */,
				6ECA2297198C3CA8002D0607 /* Release */,
			);
			defaultConfigurationIsVisible = 0;
			defaultConfigurationName = Release;
		};
		6ECA2298198C3CA8002D0607 /* Build configuration list for PBXNativeTarget "RSSreader" */ = {
			isa = XCConfigurationList;
			buildConfigurations = (
				6ECA2299198C3CA8002D0607 /* Debug */,
				6ECA229A198C3CA8002D0607 /* Release */,
			);
			defaultConfigurationIsVisible = 0;
		};
		6ECA229B198C3CA8002D0607 /* Build configuration list for PBXNativeTarget "RSSreaderTests" */ = {
			isa = XCConfigurationList;
			buildConfigurations = (
				6ECA229C198C3CA8002D0607 /* Debug */,
				6ECA229D198C3CA8002D0607 /* Release */,
			);
			defaultConfigurationIsVisible = 0;
		};
/* End XCConfigurationList section */
	};
	rootObject = 6ECA225B198C3CA7002D0607 /* Project object */;
}
